// !$*UTF8*$!
{
	archiveVersion = 1;
	classes = {
	};
	objectVersion = 55;
	objects = {

/* Begin PBXBuildFile section */
		B84462E729C8E43300978E9A /* AppDelegate.swift in Sources */ = {isa = PBXBuildFile; fileRef = B84462E629C8E43300978E9A /* AppDelegate.swift */; };
		B84462E929C8E43300978E9A /* SceneDelegate.swift in Sources */ = {isa = PBXBuildFile; fileRef = B84462E829C8E43300978E9A /* SceneDelegate.swift */; };
		B84462EB29C8E43300978E9A /* HomeViewController.swift in Sources */ = {isa = PBXBuildFile; fileRef = B84462EA29C8E43300978E9A /* HomeViewController.swift */; };
		B84462F029C8E43600978E9A /* Assets.xcassets in Resources */ = {isa = PBXBuildFile; fileRef = B84462EF29C8E43600978E9A /* Assets.xcassets */; };
		B84462F329C8E43600978E9A /* LaunchScreen.storyboard in Resources */ = {isa = PBXBuildFile; fileRef = B84462F129C8E43600978E9A /* LaunchScreen.storyboard */; };
		B84462FE29C8E43600978E9A /* CaseStudyTests.swift in Sources */ = {isa = PBXBuildFile; fileRef = B84462FD29C8E43600978E9A /* CaseStudyTests.swift */; };
		B844630829C8E43600978E9A /* CaseStudyUITests.swift in Sources */ = {isa = PBXBuildFile; fileRef = B844630729C8E43600978E9A /* CaseStudyUITests.swift */; };
		B844630A29C8E43600978E9A /* CaseStudyUITestsLaunchTests.swift in Sources */ = {isa = PBXBuildFile; fileRef = B844630929C8E43600978E9A /* CaseStudyUITestsLaunchTests.swift */; };
		B844631F29C8E91600978E9A /* CustomTableViewCell.swift in Sources */ = {isa = PBXBuildFile; fileRef = B844631E29C8E91600978E9A /* CustomTableViewCell.swift */; };
		B844632329C8EA5C00978E9A /* HomeViewController+TableView.swift in Sources */ = {isa = PBXBuildFile; fileRef = B844632229C8EA5C00978E9A /* HomeViewController+TableView.swift */; };
		B844632629C8F71E00978E9A /* Person.swift in Sources */ = {isa = PBXBuildFile; fileRef = B844632529C8F71E00978E9A /* Person.swift */; };
		B844632829C8F82700978E9A /* HomeViewModel.swift in Sources */ = {isa = PBXBuildFile; fileRef = B844632729C8F82700978E9A /* HomeViewModel.swift */; };
		B897C69729CA61B100832901 /* RandomUtils.swift in Sources */ = {isa = PBXBuildFile; fileRef = B897C69629CA61B100832901 /* RandomUtils.swift */; };
		B897C69929CA648500832901 /* DataResponse.swift in Sources */ = {isa = PBXBuildFile; fileRef = B897C69829CA648500832901 /* DataResponse.swift */; };
		B897C69B29CA661900832901 /* String+Extension.swift in Sources */ = {isa = PBXBuildFile; fileRef = B897C69A29CA661900832901 /* String+Extension.swift */; };
/* End PBXBuildFile section */

/* Begin PBXContainerItemProxy section */
		B84462FA29C8E43600978E9A /* PBXContainerItemProxy */ = {
			isa = PBXContainerItemProxy;
			containerPortal = B84462DB29C8E43300978E9A /* Project object */;
			proxyType = 1;
			remoteGlobalIDString = B84462E229C8E43300978E9A;
			remoteInfo = CaseStudy;
		};
		B844630429C8E43600978E9A /* PBXContainerItemProxy */ = {
			isa = PBXContainerItemProxy;
			containerPortal = B84462DB29C8E43300978E9A /* Project object */;
			proxyType = 1;
			remoteGlobalIDString = B84462E229C8E43300978E9A;
			remoteInfo = CaseStudy;
		};
/* End PBXContainerItemProxy section */

/* Begin PBXFileReference section */
		B84462E329C8E43300978E9A /* CaseStudy.app */ = {isa = PBXFileReference; explicitFileType = wrapper.application; includeInIndex = 0; path = CaseStudy.app; sourceTree = BUILT_PRODUCTS_DIR; };
		B84462E629C8E43300978E9A /* AppDelegate.swift */ = {isa = PBXFileReference; lastKnownFileType = sourcecode.swift; path = AppDelegate.swift; sourceTree = "<group>"; };
		B84462E829C8E43300978E9A /* SceneDelegate.swift */ = {isa = PBXFileReference; lastKnownFileType = sourcecode.swift; path = SceneDelegate.swift; sourceTree = "<group>"; };
		B84462EA29C8E43300978E9A /* HomeViewController.swift */ = {isa = PBXFileReference; lastKnownFileType = sourcecode.swift; path = HomeViewController.swift; sourceTree = "<group>"; };
		B84462EF29C8E43600978E9A /* Assets.xcassets */ = {isa = PBXFileReference; lastKnownFileType = folder.assetcatalog; path = Assets.xcassets; sourceTree = "<group>"; };
		B84462F229C8E43600978E9A /* Base */ = {isa = PBXFileReference; lastKnownFileType = file.storyboard; name = Base; path = Base.lproj/LaunchScreen.storyboard; sourceTree = "<group>"; };
		B84462F429C8E43600978E9A /* Info.plist */ = {isa = PBXFileReference; lastKnownFileType = text.plist.xml; path = Info.plist; sourceTree = "<group>"; };
		B84462F929C8E43600978E9A /* CaseStudyTests.xctest */ = {isa = PBXFileReference; explicitFileType = wrapper.cfbundle; includeInIndex = 0; path = CaseStudyTests.xctest; sourceTree = BUILT_PRODUCTS_DIR; };
		B84462FD29C8E43600978E9A /* CaseStudyTests.swift */ = {isa = PBXFileReference; lastKnownFileType = sourcecode.swift; path = CaseStudyTests.swift; sourceTree = "<group>"; };
		B844630329C8E43600978E9A /* CaseStudyUITests.xctest */ = {isa = PBXFileReference; explicitFileType = wrapper.cfbundle; includeInIndex = 0; path = CaseStudyUITests.xctest; sourceTree = BUILT_PRODUCTS_DIR; };
		B844630729C8E43600978E9A /* CaseStudyUITests.swift */ = {isa = PBXFileReference; lastKnownFileType = sourcecode.swift; path = CaseStudyUITests.swift; sourceTree = "<group>"; };
		B844630929C8E43600978E9A /* CaseStudyUITestsLaunchTests.swift */ = {isa = PBXFileReference; lastKnownFileType = sourcecode.swift; path = CaseStudyUITestsLaunchTests.swift; sourceTree = "<group>"; };
		B844631E29C8E91600978E9A /* CustomTableViewCell.swift */ = {isa = PBXFileReference; lastKnownFileType = sourcecode.swift; path = CustomTableViewCell.swift; sourceTree = "<group>"; };
		B844632229C8EA5C00978E9A /* HomeViewController+TableView.swift */ = {isa = PBXFileReference; lastKnownFileType = sourcecode.swift; path = "HomeViewController+TableView.swift"; sourceTree = "<group>"; };
		B844632529C8F71E00978E9A /* Person.swift */ = {isa = PBXFileReference; lastKnownFileType = sourcecode.swift; path = Person.swift; sourceTree = "<group>"; };
		B844632729C8F82700978E9A /* HomeViewModel.swift */ = {isa = PBXFileReference; fileEncoding = 4; lastKnownFileType = sourcecode.swift; path = HomeViewModel.swift; sourceTree = "<group>"; };
		B897C69629CA61B100832901 /* RandomUtils.swift */ = {isa = PBXFileReference; lastKnownFileType = sourcecode.swift; path = RandomUtils.swift; sourceTree = "<group>"; };
		B897C69829CA648500832901 /* DataResponse.swift */ = {isa = PBXFileReference; lastKnownFileType = sourcecode.swift; path = DataResponse.swift; sourceTree = "<group>"; };
		B897C69A29CA661900832901 /* String+Extension.swift */ = {isa = PBXFileReference; lastKnownFileType = sourcecode.swift; path = "String+Extension.swift"; sourceTree = "<group>"; };
/* End PBXFileReference section */

/* Begin PBXFrameworksBuildPhase section */
		B84462E029C8E43300978E9A /* Frameworks */ = {
			isa = PBXFrameworksBuildPhase;
			buildActionMask = 2147483647;
			files = (
			);
			runOnlyForDeploymentPostprocessing = 0;
		};
		B84462F629C8E43600978E9A /* Frameworks */ = {
			isa = PBXFrameworksBuildPhase;
			buildActionMask = 2147483647;
			files = (
			);
			runOnlyForDeploymentPostprocessing = 0;
		};
		B844630029C8E43600978E9A /* Frameworks */ = {
			isa = PBXFrameworksBuildPhase;
			buildActionMask = 2147483647;
			files = (
			);
			runOnlyForDeploymentPostprocessing = 0;
		};
/* End PBXFrameworksBuildPhase section */

/* Begin PBXGroup section */
		B84462DA29C8E43300978E9A = {
			isa = PBXGroup;
			children = (
				B84462E529C8E43300978E9A /* CaseStudy */,
				B84462FC29C8E43600978E9A /* CaseStudyTests */,
				B844630629C8E43600978E9A /* CaseStudyUITests */,
				B84462E429C8E43300978E9A /* Products */,
			);
			sourceTree = "<group>";
		};
		B84462E429C8E43300978E9A /* Products */ = {
			isa = PBXGroup;
			children = (
				B84462E329C8E43300978E9A /* CaseStudy.app */,
				B84462F929C8E43600978E9A /* CaseStudyTests.xctest */,
				B844630329C8E43600978E9A /* CaseStudyUITests.xctest */,
			);
			name = Products;
			sourceTree = "<group>";
		};
		B84462E529C8E43300978E9A /* CaseStudy */ = {
			isa = PBXGroup;
			children = (
				B897C69529CA619D00832901 /* Utils */,
				B844632029C8E9EB00978E9A /* Core */,
				B844632429C8F71900978E9A /* Model */,
				B844631629C8E55D00978E9A /* View */,
			);
			path = CaseStudy;
			sourceTree = "<group>";
		};
		B84462FC29C8E43600978E9A /* CaseStudyTests */ = {
			isa = PBXGroup;
			children = (
				B84462FD29C8E43600978E9A /* CaseStudyTests.swift */,
			);
			path = CaseStudyTests;
			sourceTree = "<group>";
		};
		B844630629C8E43600978E9A /* CaseStudyUITests */ = {
			isa = PBXGroup;
			children = (
				B844630729C8E43600978E9A /* CaseStudyUITests.swift */,
				B844630929C8E43600978E9A /* CaseStudyUITestsLaunchTests.swift */,
			);
			path = CaseStudyUITests;
			sourceTree = "<group>";
		};
		B844631629C8E55D00978E9A /* View */ = {
			isa = PBXGroup;
			children = (
				B844632729C8F82700978E9A /* HomeViewModel.swift */,
				B844631829C8E87B00978E9A /* CustomCell */,
				B844631729C8E56500978E9A /* Controller */,
			);
			path = View;
			sourceTree = "<group>";
		};
		B844631729C8E56500978E9A /* Controller */ = {
			isa = PBXGroup;
			children = (
				B84462EA29C8E43300978E9A /* HomeViewController.swift */,
				B844632229C8EA5C00978E9A /* HomeViewController+TableView.swift */,
			);
			path = Controller;
			sourceTree = "<group>";
		};
		B844631829C8E87B00978E9A /* CustomCell */ = {
			isa = PBXGroup;
			children = (
				B844631E29C8E91600978E9A /* CustomTableViewCell.swift */,
			);
			path = CustomCell;
			sourceTree = "<group>";
		};
		B844632029C8E9EB00978E9A /* Core */ = {
			isa = PBXGroup;
			children = (
				B84462E629C8E43300978E9A /* AppDelegate.swift */,
				B84462E829C8E43300978E9A /* SceneDelegate.swift */,
				B84462EF29C8E43600978E9A /* Assets.xcassets */,
				B84462F129C8E43600978E9A /* LaunchScreen.storyboard */,
				B84462F429C8E43600978E9A /* Info.plist */,
			);
			path = Core;
			sourceTree = "<group>";
		};
		B844632429C8F71900978E9A /* Model */ = {
			isa = PBXGroup;
			children = (
				B844632529C8F71E00978E9A /* Person.swift */,
				B897C69829CA648500832901 /* DataResponse.swift */,
			);
			path = Model;
			sourceTree = "<group>";
		};
		B897C69529CA619D00832901 /* Utils */ = {
			isa = PBXGroup;
			children = (
				B897C69629CA61B100832901 /* RandomUtils.swift */,
				B897C69A29CA661900832901 /* String+Extension.swift */,
			);
			path = Utils;
			sourceTree = "<group>";
		};
/* End PBXGroup section */

/* Begin PBXNativeTarget section */
		B84462E229C8E43300978E9A /* CaseStudy */ = {
			isa = PBXNativeTarget;
			buildConfigurationList = B844630D29C8E43600978E9A /* Build configuration list for PBXNativeTarget "CaseStudy" */;
			buildPhases = (
				B84462DF29C8E43300978E9A /* Sources */,
				B84462E029C8E43300978E9A /* Frameworks */,
				B84462E129C8E43300978E9A /* Resources */,
			);
			buildRules = (
			);
			dependencies = (
			);
			name = CaseStudy;
			productName = CaseStudy;
			productReference = B84462E329C8E43300978E9A /* CaseStudy.app */;
			productType = "com.apple.product-type.application";
		};
		B84462F829C8E43600978E9A /* CaseStudyTests */ = {
			isa = PBXNativeTarget;
			buildConfigurationList = B844631029C8E43600978E9A /* Build configuration list for PBXNativeTarget "CaseStudyTests" */;
			buildPhases = (
				B84462F529C8E43600978E9A /* Sources */,
				B84462F629C8E43600978E9A /* Frameworks */,
				B84462F729C8E43600978E9A /* Resources */,
			);
			buildRules = (
			);
			dependencies = (
				B84462FB29C8E43600978E9A /* PBXTargetDependency */,
			);
			name = CaseStudyTests;
			productName = CaseStudyTests;
			productReference = B84462F929C8E43600978E9A /* CaseStudyTests.xctest */;
			productType = "com.apple.product-type.bundle.unit-test";
		};
		B844630229C8E43600978E9A /* CaseStudyUITests */ = {
			isa = PBXNativeTarget;
			buildConfigurationList = B844631329C8E43600978E9A /* Build configuration list for PBXNativeTarget "CaseStudyUITests" */;
			buildPhases = (
				B84462FF29C8E43600978E9A /* Sources */,
				B844630029C8E43600978E9A /* Frameworks */,
				B844630129C8E43600978E9A /* Resources */,
			);
			buildRules = (
			);
			dependencies = (
				B844630529C8E43600978E9A /* PBXTargetDependency */,
			);
			name = CaseStudyUITests;
			productName = CaseStudyUITests;
			productReference = B844630329C8E43600978E9A /* CaseStudyUITests.xctest */;
			productType = "com.apple.product-type.bundle.ui-testing";
		};
/* End PBXNativeTarget section */

/* Begin PBXProject section */
		B84462DB29C8E43300978E9A /* Project object */ = {
			isa = PBXProject;
			attributes = {
				BuildIndependentTargetsInParallel = 1;
				LastSwiftUpdateCheck = 1340;
				LastUpgradeCheck = 1340;
				TargetAttributes = {
					B84462E229C8E43300978E9A = {
						CreatedOnToolsVersion = 13.4.1;
					};
					B84462F829C8E43600978E9A = {
						CreatedOnToolsVersion = 13.4.1;
						TestTargetID = B84462E229C8E43300978E9A;
					};
					B844630229C8E43600978E9A = {
						CreatedOnToolsVersion = 13.4.1;
						TestTargetID = B84462E229C8E43300978E9A;
					};
				};
			};
			buildConfigurationList = B84462DE29C8E43300978E9A /* Build configuration list for PBXProject "CaseStudy" */;
			compatibilityVersion = "Xcode 13.0";
			developmentRegion = en;
			hasScannedForEncodings = 0;
			knownRegions = (
				en,
				Base,
			);
			mainGroup = B84462DA29C8E43300978E9A;
			productRefGroup = B84462E429C8E43300978E9A /* Products */;
			projectDirPath = "";
			projectRoot = "";
			targets = (
				B84462E229C8E43300978E9A /* CaseStudy */,
				B84462F829C8E43600978E9A /* CaseStudyTests */,
				B844630229C8E43600978E9A /* CaseStudyUITests */,
			);
		};
/* End PBXProject section */

/* Begin PBXResourcesBuildPhase section */
		B84462E129C8E43300978E9A /* Resources */ = {
			isa = PBXResourcesBuildPhase;
			buildActionMask = 2147483647;
			files = (
				B84462F329C8E43600978E9A /* LaunchScreen.storyboard in Resources */,
				B84462F029C8E43600978E9A /* Assets.xcassets in Resources */,
			);
			runOnlyForDeploymentPostprocessing = 0;
		};
		B84462F729C8E43600978E9A /* Resources */ = {
			isa = PBXResourcesBuildPhase;
			buildActionMask = 2147483647;
			files = (
			);
			runOnlyForDeploymentPostprocessing = 0;
		};
		B844630129C8E43600978E9A /* Resources */ = {
			isa = PBXResourcesBuildPhase;
			buildActionMask = 2147483647;
			files = (
			);
			runOnlyForDeploymentPostprocessing = 0;
		};
/* End PBXResourcesBuildPhase section */

/* Begin PBXSourcesBuildPhase section */
		B84462DF29C8E43300978E9A /* Sources */ = {
			isa = PBXSourcesBuildPhase;
			buildActionMask = 2147483647;
			files = (
				B844632829C8F82700978E9A /* HomeViewModel.swift in Sources */,
				B844632629C8F71E00978E9A /* Person.swift in Sources */,
				B84462EB29C8E43300978E9A /* HomeViewController.swift in Sources */,
				B84462E729C8E43300978E9A /* AppDelegate.swift in Sources */,
				B897C69929CA648500832901 /* DataResponse.swift in Sources */,
				B844631F29C8E91600978E9A /* CustomTableViewCell.swift in Sources */,
				B844632329C8EA5C00978E9A /* HomeViewController+TableView.swift in Sources */,
				B897C69729CA61B100832901 /* RandomUtils.swift in Sources */,
				B897C69B29CA661900832901 /* String+Extension.swift in Sources */,
				B84462E929C8E43300978E9A /* SceneDelegate.swift in Sources */,
			);
			runOnlyForDeploymentPostprocessing = 0;
		};
		B84462F529C8E43600978E9A /* Sources */ = {
			isa = PBXSourcesBuildPhase;
			buildActionMask = 2147483647;
			files = (
				B84462FE29C8E43600978E9A /* CaseStudyTests.swift in Sources */,
			);
			runOnlyForDeploymentPostprocessing = 0;
		};
		B84462FF29C8E43600978E9A /* Sources */ = {
			isa = PBXSourcesBuildPhase;
			buildActionMask = 2147483647;
			files = (
				B844630A29C8E43600978E9A /* CaseStudyUITestsLaunchTests.swift in Sources */,
				B844630829C8E43600978E9A /* CaseStudyUITests.swift in Sources */,
			);
			runOnlyForDeploymentPostprocessing = 0;
		};
/* End PBXSourcesBuildPhase section */

/* Begin PBXTargetDependency section */
		B84462FB29C8E43600978E9A /* PBXTargetDependency */ = {
			isa = PBXTargetDependency;
			target = B84462E229C8E43300978E9A /* CaseStudy */;
			targetProxy = B84462FA29C8E43600978E9A /* PBXContainerItemProxy */;
		};
		B844630529C8E43600978E9A /* PBXTargetDependency */ = {
			isa = PBXTargetDependency;
			target = B84462E229C8E43300978E9A /* CaseStudy */;
			targetProxy = B844630429C8E43600978E9A /* PBXContainerItemProxy */;
		};
/* End PBXTargetDependency section */

/* Begin PBXVariantGroup section */
		B84462F129C8E43600978E9A /* LaunchScreen.storyboard */ = {
			isa = PBXVariantGroup;
			children = (
				B84462F229C8E43600978E9A /* Base */,
			);
			name = LaunchScreen.storyboard;
			sourceTree = "<group>";
		};
/* End PBXVariantGroup section */

/* Begin XCBuildConfiguration section */
		B844630B29C8E43600978E9A /* Debug */ = {
			isa = XCBuildConfiguration;
			buildSettings = {
				ALWAYS_SEARCH_USER_PATHS = NO;
				CLANG_ANALYZER_NONNULL = YES;
				CLANG_ANALYZER_NUMBER_OBJECT_CONVERSION = YES_AGGRESSIVE;
				CLANG_CXX_LANGUAGE_STANDARD = "gnu++17";
				CLANG_ENABLE_MODULES = YES;
				CLANG_ENABLE_OBJC_ARC = YES;
				CLANG_ENABLE_OBJC_WEAK = YES;
				CLANG_WARN_BLOCK_CAPTURE_AUTORELEASING = YES;
				CLANG_WARN_BOOL_CONVERSION = YES;
				CLANG_WARN_COMMA = YES;
				CLANG_WARN_CONSTANT_CONVERSION = YES;
				CLANG_WARN_DEPRECATED_OBJC_IMPLEMENTATIONS = YES;
				CLANG_WARN_DIRECT_OBJC_ISA_USAGE = YES_ERROR;
				CLANG_WARN_DOCUMENTATION_COMMENTS = YES;
				CLANG_WARN_EMPTY_BODY = YES;
				CLANG_WARN_ENUM_CONVERSION = YES;
				CLANG_WARN_INFINITE_RECURSION = YES;
				CLANG_WARN_INT_CONVERSION = YES;
				CLANG_WARN_NON_LITERAL_NULL_CONVERSION = YES;
				CLANG_WARN_OBJC_IMPLICIT_RETAIN_SELF = YES;
				CLANG_WARN_OBJC_LITERAL_CONVERSION = YES;
				CLANG_WARN_OBJC_ROOT_CLASS = YES_ERROR;
				CLANG_WARN_QUOTED_INCLUDE_IN_FRAMEWORK_HEADER = YES;
				CLANG_WARN_RANGE_LOOP_ANALYSIS = YES;
				CLANG_WARN_STRICT_PROTOTYPES = YES;
				CLANG_WARN_SUSPICIOUS_MOVE = YES;
				CLANG_WARN_UNGUARDED_AVAILABILITY = YES_AGGRESSIVE;
				CLANG_WARN_UNREACHABLE_CODE = YES;
				CLANG_WARN__DUPLICATE_METHOD_MATCH = YES;
				COPY_PHASE_STRIP = NO;
				DEBUG_INFORMATION_FORMAT = dwarf;
				ENABLE_STRICT_OBJC_MSGSEND = YES;
				ENABLE_TESTABILITY = YES;
				GCC_C_LANGUAGE_STANDARD = gnu11;
				GCC_DYNAMIC_NO_PIC = NO;
				GCC_NO_COMMON_BLOCKS = YES;
				GCC_OPTIMIZATION_LEVEL = 0;
				GCC_PREPROCESSOR_DEFINITIONS = (
					"DEBUG=1",
					"$(inherited)",
				);
				GCC_WARN_64_TO_32_BIT_CONVERSION = YES;
				GCC_WARN_ABOUT_RETURN_TYPE = YES_ERROR;
				GCC_WARN_UNDECLARED_SELECTOR = YES;
				GCC_WARN_UNINITIALIZED_AUTOS = YES_AGGRESSIVE;
				GCC_WARN_UNUSED_FUNCTION = YES;
				GCC_WARN_UNUSED_VARIABLE = YES;
				IPHONEOS_DEPLOYMENT_TARGET = 15.5;
				MTL_ENABLE_DEBUG_INFO = INCLUDE_SOURCE;
				MTL_FAST_MATH = YES;
				ONLY_ACTIVE_ARCH = YES;
				SDKROOT = iphoneos;
				SWIFT_ACTIVE_COMPILATION_CONDITIONS = DEBUG;
				SWIFT_OPTIMIZATION_LEVEL = "-Onone";
			};
			name = Debug;
		};
		B844630C29C8E43600978E9A /* Release */ = {
			isa = XCBuildConfiguration;
			buildSettings = {
				ALWAYS_SEARCH_USER_PATHS = NO;
				CLANG_ANALYZER_NONNULL = YES;
				CLANG_ANALYZER_NUMBER_OBJECT_CONVERSION = YES_AGGRESSIVE;
				CLANG_CXX_LANGUAGE_STANDARD = "gnu++17";
				CLANG_ENABLE_MODULES = YES;
				CLANG_ENABLE_OBJC_ARC = YES;
				CLANG_ENABLE_OBJC_WEAK = YES;
				CLANG_WARN_BLOCK_CAPTURE_AUTORELEASING = YES;
				CLANG_WARN_BOOL_CONVERSION = YES;
				CLANG_WARN_COMMA = YES;
				CLANG_WARN_CONSTANT_CONVERSION = YES;
				CLANG_WARN_DEPRECATED_OBJC_IMPLEMENTATIONS = YES;
				CLANG_WARN_DIRECT_OBJC_ISA_USAGE = YES_ERROR;
				CLANG_WARN_DOCUMENTATION_COMMENTS = YES;
				CLANG_WARN_EMPTY_BODY = YES;
				CLANG_WARN_ENUM_CONVERSION = YES;
				CLANG_WARN_INFINITE_RECURSION = YES;
				CLANG_WARN_INT_CONVERSION = YES;
				CLANG_WARN_NON_LITERAL_NULL_CONVERSION = YES;
				CLANG_WARN_OBJC_IMPLICIT_RETAIN_SELF = YES;
				CLANG_WARN_OBJC_LITERAL_CONVERSION = YES;
				CLANG_WARN_OBJC_ROOT_CLASS = YES_ERROR;
				CLANG_WARN_QUOTED_INCLUDE_IN_FRAMEWORK_HEADER = YES;
				CLANG_WARN_RANGE_LOOP_ANALYSIS = YES;
				CLANG_WARN_STRICT_PROTOTYPES = YES;
				CLANG_WARN_SUSPICIOUS_MOVE = YES;
				CLANG_WARN_UNGUARDED_AVAILABILITY = YES_AGGRESSIVE;
				CLANG_WARN_UNREACHABLE_CODE = YES;
				CLANG_WARN__DUPLICATE_METHOD_MATCH = YES;
				COPY_PHASE_STRIP = NO;
				DEBUG_INFORMATION_FORMAT = "dwarf-with-dsym";
				ENABLE_NS_ASSERTIONS = NO;
				ENABLE_STRICT_OBJC_MSGSEND = YES;
				GCC_C_LANGUAGE_STANDARD = gnu11;
				GCC_NO_COMMON_BLOCKS = YES;
				GCC_WARN_64_TO_32_BIT_CONVERSION = YES;
				GCC_WARN_ABOUT_RETURN_TYPE = YES_ERROR;
				GCC_WARN_UNDECLARED_SELECTOR = YES;
				GCC_WARN_UNINITIALIZED_AUTOS = YES_AGGRESSIVE;
				GCC_WARN_UNUSED_FUNCTION = YES;
				GCC_WARN_UNUSED_VARIABLE = YES;
				IPHONEOS_DEPLOYMENT_TARGET = 15.5;
				MTL_ENABLE_DEBUG_INFO = NO;
				MTL_FAST_MATH = YES;
				SDKROOT = iphoneos;
				SWIFT_COMPILATION_MODE = wholemodule;
				SWIFT_OPTIMIZATION_LEVEL = "-O";
				VALIDATE_PRODUCT = YES;
			};
			name = Release;
		};
		B844630E29C8E43600978E9A /* Debug */ = {
			isa = XCBuildConfiguration;
			buildSettings = {
				ASSETCATALOG_COMPILER_APPICON_NAME = AppIcon;
				ASSETCATALOG_COMPILER_GLOBAL_ACCENT_COLOR_NAME = AccentColor;
				CODE_SIGN_STYLE = Automatic;
				CURRENT_PROJECT_VERSION = 1;
				DEVELOPMENT_TEAM = FD6TBLZQF4;
				GENERATE_INFOPLIST_FILE = YES;
				INFOPLIST_FILE = CaseStudy/Core/Info.plist;
				INFOPLIST_KEY_UIApplicationSupportsIndirectInputEvents = YES;
				INFOPLIST_KEY_UILaunchStoryboardName = LaunchScreen;
				INFOPLIST_KEY_UISupportedInterfaceOrientations_iPad = "UIInterfaceOrientationPortrait UIInterfaceOrientationPortraitUpsideDown UIInterfaceOrientationLandscapeLeft UIInterfaceOrientationLandscapeRight";
				INFOPLIST_KEY_UISupportedInterfaceOrientations_iPhone = "UIInterfaceOrientationPortrait UIInterfaceOrientationLandscapeLeft UIInterfaceOrientationLandscapeRight";
				LD_RUNPATH_SEARCH_PATHS = (
					"$(inherited)",
					"@executable_path/Frameworks",
				);
				MARKETING_VERSION = 1.0;
				PRODUCT_BUNDLE_IDENTIFIER = com.tolgasayan.CaseStudy;
				PRODUCT_NAME = "$(TARGET_NAME)";
				SWIFT_EMIT_LOC_STRINGS = YES;
				SWIFT_VERSION = 5.0;
				TARGETED_DEVICE_FAMILY = "1,2";
			};
			name = Debug;
		};
		B844630F29C8E43600978E9A /* Release */ = {
			isa = XCBuildConfiguration;
			buildSettings = {
				ASSETCATALOG_COMPILER_APPICON_NAME = AppIcon;
				ASSETCATALOG_COMPILER_GLOBAL_ACCENT_COLOR_NAME = AccentColor;
				CODE_SIGN_STYLE = Automatic;
				CURRENT_PROJECT_VERSION = 1;
				DEVELOPMENT_TEAM = FD6TBLZQF4;
				GENERATE_INFOPLIST_FILE = YES;
				INFOPLIST_FILE = CaseStudy/Core/Info.plist;
				INFOPLIST_KEY_UIApplicationSupportsIndirectInputEvents = YES;
				INFOPLIST_KEY_UILaunchStoryboardName = LaunchScreen;
				INFOPLIST_KEY_UISupportedInterfaceOrientations_iPad = "UIInterfaceOrientationPortrait UIInterfaceOrientationPortraitUpsideDown UIInterfaceOrientationLandscapeLeft UIInterfaceOrientationLandscapeRight";
				INFOPLIST_KEY_UISupportedInterfaceOrientations_iPhone = "UIInterfaceOrientationPortrait UIInterfaceOrientationLandscapeLeft UIInterfaceOrientationLandscapeRight";
				LD_RUNPATH_SEARCH_PATHS = (
					"$(inherited)",
					"@executable_path/Frameworks",
				);
				MARKETING_VERSION = 1.0;
				PRODUCT_BUNDLE_IDENTIFIER = com.tolgasayan.CaseStudy;
				PRODUCT_NAME = "$(TARGET_NAME)";
				SWIFT_EMIT_LOC_STRINGS = YES;
				SWIFT_VERSION = 5.0;
				TARGETED_DEVICE_FAMILY = "1,2";
			};
			name = Release;
		};
		B844631129C8E43600978E9A /* Debug */ = {
			isa = XCBuildConfiguration;
			buildSettings = {
				ALWAYS_EMBED_SWIFT_STANDARD_LIBRARIES = YES;
				BUNDLE_LOADER = "$(TEST_HOST)";
				CODE_SIGN_STYLE = Automatic;
				CURRENT_PROJECT_VERSION = 1;
				DEVELOPMENT_TEAM = FD6TBLZQF4;
				GENERATE_INFOPLIST_FILE = YES;
				IPHONEOS_DEPLOYMENT_TARGET = 15.5;
				MARKETING_VERSION = 1.0;
				PRODUCT_BUNDLE_IDENTIFIER = com.tolgasayan.CaseStudyTests;
				PRODUCT_NAME = "$(TARGET_NAME)";
				SWIFT_EMIT_LOC_STRINGS = NO;
				SWIFT_VERSION = 5.0;
				TARGETED_DEVICE_FAMILY = "1,2";
				TEST_HOST = "$(BUILT_PRODUCTS_DIR)/CaseStudy.app/CaseStudy";
			};
			name = Debug;
		};
		B844631229C8E43600978E9A /* Release */ = {
			isa = XCBuildConfiguration;
			buildSettings = {
				ALWAYS_EMBED_SWIFT_STANDARD_LIBRARIES = YES;
				BUNDLE_LOADER = "$(TEST_HOST)";
				CODE_SIGN_STYLE = Automatic;
				CURRENT_PROJECT_VERSION = 1;
				DEVELOPMENT_TEAM = FD6TBLZQF4;
				GENERATE_INFOPLIST_FILE = YES;
				IPHONEOS_DEPLOYMENT_TARGET = 15.5;
				MARKETING_VERSION = 1.0;
				PRODUCT_BUNDLE_IDENTIFIER = com.tolgasayan.CaseStudyTests;
				PRODUCT_NAME = "$(TARGET_NAME)";
				SWIFT_EMIT_LOC_STRINGS = NO;
				SWIFT_VERSION = 5.0;
				TARGETED_DEVICE_FAMILY = "1,2";
				TEST_HOST = "$(BUILT_PRODUCTS_DIR)/CaseStudy.app/CaseStudy";
			};
			name = Release;
		};
		B844631429C8E43600978E9A /* Debug */ = {
			isa = XCBuildConfiguration;
			buildSettings = {
				ALWAYS_EMBED_SWIFT_STANDARD_LIBRARIES = YES;
				CODE_SIGN_STYLE = Automatic;
				CURRENT_PROJECT_VERSION = 1;
				DEVELOPMENT_TEAM = FD6TBLZQF4;
				GENERATE_INFOPLIST_FILE = YES;
				MARKETING_VERSION = 1.0;
				PRODUCT_BUNDLE_IDENTIFIER = com.tolgasayan.CaseStudyUITests;
				PRODUCT_NAME = "$(TARGET_NAME)";
				SWIFT_EMIT_LOC_STRINGS = NO;
				SWIFT_VERSION = 5.0;
				TARGETED_DEVICE_FAMILY = "1,2";
				TEST_TARGET_NAME = CaseStudy;
			};
			name = Debug;
		};
		B844631529C8E43600978E9A /* Release */ = {
			isa = XCBuildConfiguration;
			buildSettings = {
				ALWAYS_EMBED_SWIFT_STANDARD_LIBRARIES = YES;
				CODE_SIGN_STYLE = Automatic;
				CURRENT_PROJECT_VERSION = 1;
				DEVELOPMENT_TEAM = FD6TBLZQF4;
				GENERATE_INFOPLIST_FILE = YES;
				MARKETING_VERSION = 1.0;
				PRODUCT_BUNDLE_IDENTIFIER = com.tolgasayan.CaseStudyUITests;
				PRODUCT_NAME = "$(TARGET_NAME)";
				SWIFT_EMIT_LOC_STRINGS = NO;
				SWIFT_VERSION = 5.0;
				TARGETED_DEVICE_FAMILY = "1,2";
				TEST_TARGET_NAME = CaseStudy;
			};
			name = Release;
		};
/* End XCBuildConfiguration section */

/* Begin XCConfigurationList section */
		B84462DE29C8E43300978E9A /* Build configuration list for PBXProject "CaseStudy" */ = {
			isa = XCConfigurationList;
			buildConfigurations = (
				B844630B29C8E43600978E9A /* Debug */,
				B844630C29C8E43600978E9A /* Release */,
			);
			defaultConfigurationIsVisible = 0;
			defaultConfigurationName = Release;
		};
		B844630D29C8E43600978E9A /* Build configuration list for PBXNativeTarget "CaseStudy" */ = {
			isa = XCConfigurationList;
			buildConfigurations = (
				B844630E29C8E43600978E9A /* Debug */,
				B844630F29C8E43600978E9A /* Release */,
			);
			defaultConfigurationIsVisible = 0;
			defaultConfigurationName = Release;
		};
		B844631029C8E43600978E9A /* Build configuration list for PBXNativeTarget "CaseStudyTests" */ = {
			isa = XCConfigurationList;
			buildConfigurations = (
				B844631129C8E43600978E9A /* Debug */,
				B844631229C8E43600978E9A /* Release */,
			);
			defaultConfigurationIsVisible = 0;
			defaultConfigurationName = Release;
		};
		B844631329C8E43600978E9A /* Build configuration list for PBXNativeTarget "CaseStudyUITests" */ = {
			isa = XCConfigurationList;
			buildConfigurations = (
				B844631429C8E43600978E9A /* Debug */,
				B844631529C8E43600978E9A /* Release */,
			);
			defaultConfigurationIsVisible = 0;
			defaultConfigurationName = Release;
		};
/* End XCConfigurationList section */
	};
	rootObject = B84462DB29C8E43300978E9A /* Project object */;
}
